// !$*UTF8*$!
{
	archiveVersion = 1;
	classes = {
	};
	objectVersion = 46;
	objects = {

/* Begin PBXBuildFile section */
		2922FBCF3E4A73E7E8415547 /* libPods-PivotalTracker-PT_ReleaseNotesTests.a in Frameworks */ = {isa = PBXBuildFile; fileRef = C6B57F417DCB97136EB20726 /* libPods-PivotalTracker-PT_ReleaseNotesTests.a */; };
		2B20918A1C9612170089B2E6 /* PTAccount.m in Sources */ = {isa = PBXBuildFile; fileRef = 2B2091891C9612170089B2E6 /* PTAccount.m */; };
		2B20918B1C9612170089B2E6 /* PTAccount.m in Sources */ = {isa = PBXBuildFile; fileRef = 2B2091891C9612170089B2E6 /* PTAccount.m */; };
		2B20918D1C96123F0089B2E6 /* PTAccountTests.m in Sources */ = {isa = PBXBuildFile; fileRef = 2B20918C1C96123F0089B2E6 /* PTAccountTests.m */; };
		2B2091901C961EE50089B2E6 /* ConfigurationController.m in Sources */ = {isa = PBXBuildFile; fileRef = 2B20918F1C961EE50089B2E6 /* ConfigurationController.m */; };
		2B2091911C961EE50089B2E6 /* ConfigurationController.m in Sources */ = {isa = PBXBuildFile; fileRef = 2B20918F1C961EE50089B2E6 /* ConfigurationController.m */; };
		2B2091961C9620BB0089B2E6 /* PTProject.m in Sources */ = {isa = PBXBuildFile; fileRef = 2B2091951C9620BB0089B2E6 /* PTProject.m */; };
		2B2091971C9620BB0089B2E6 /* PTProject.m in Sources */ = {isa = PBXBuildFile; fileRef = 2B2091951C9620BB0089B2E6 /* PTProject.m */; };
		2B20919E1C9620E70089B2E6 /* PTProjects.m in Sources */ = {isa = PBXBuildFile; fileRef = 2B20919D1C9620E70089B2E6 /* PTProjects.m */; };
		2B20919F1C9620E70089B2E6 /* PTProjects.m in Sources */ = {isa = PBXBuildFile; fileRef = 2B20919D1C9620E70089B2E6 /* PTProjects.m */; };
		2B2091A61C9621130089B2E6 /* PTEpic.m in Sources */ = {isa = PBXBuildFile; fileRef = 2B2091A51C9621130089B2E6 /* PTEpic.m */; };
		2B2091A71C9621130089B2E6 /* PTEpic.m in Sources */ = {isa = PBXBuildFile; fileRef = 2B2091A51C9621130089B2E6 /* PTEpic.m */; };
		2B2091AA1C96212C0089B2E6 /* PTEpics.m in Sources */ = {isa = PBXBuildFile; fileRef = 2B2091A91C96212C0089B2E6 /* PTEpics.m */; };
		2B2091AB1C96212C0089B2E6 /* PTEpics.m in Sources */ = {isa = PBXBuildFile; fileRef = 2B2091A91C96212C0089B2E6 /* PTEpics.m */; };
		2B2091AE1C9621410089B2E6 /* PTStory.m in Sources */ = {isa = PBXBuildFile; fileRef = 2B2091AD1C9621410089B2E6 /* PTStory.m */; };
		2B2091AF1C9621410089B2E6 /* PTStory.m in Sources */ = {isa = PBXBuildFile; fileRef = 2B2091AD1C9621410089B2E6 /* PTStory.m */; };
		2B2091B21C9621520089B2E6 /* PTStories.m in Sources */ = {isa = PBXBuildFile; fileRef = 2B2091B11C9621520089B2E6 /* PTStories.m */; };
		2B2091B31C9621520089B2E6 /* PTStories.m in Sources */ = {isa = PBXBuildFile; fileRef = 2B2091B11C9621520089B2E6 /* PTStories.m */; };
		2B2091B61C96216E0089B2E6 /* PTUser.m in Sources */ = {isa = PBXBuildFile; fileRef = 2B2091B51C96216E0089B2E6 /* PTUser.m */; };
		2B2091B71C96216E0089B2E6 /* PTUser.m in Sources */ = {isa = PBXBuildFile; fileRef = 2B2091B51C96216E0089B2E6 /* PTUser.m */; };
		2B2091BA1C9621810089B2E6 /* PTUsers.m in Sources */ = {isa = PBXBuildFile; fileRef = 2B2091B91C9621810089B2E6 /* PTUsers.m */; };
		2B2091BB1C9621810089B2E6 /* PTUsers.m in Sources */ = {isa = PBXBuildFile; fileRef = 2B2091B91C9621810089B2E6 /* PTUsers.m */; };
		2B480E341CF63FAD00747EB1 /* PTTrackerXPC.m in Sources */ = {isa = PBXBuildFile; fileRef = 2B480E331CF63FAD00747EB1 /* PTTrackerXPC.m */; };
		2B480E351CF63FAD00747EB1 /* PTTrackerXPC.m in Sources */ = {isa = PBXBuildFile; fileRef = 2B480E331CF63FAD00747EB1 /* PTTrackerXPC.m */; };
		2B480E381CF6431E00747EB1 /* PTObject.m in Sources */ = {isa = PBXBuildFile; fileRef = 2B480E371CF6431E00747EB1 /* PTObject.m */; };
		2B480E391CF6431E00747EB1 /* PTObject.m in Sources */ = {isa = PBXBuildFile; fileRef = 2B480E371CF6431E00747EB1 /* PTObject.m */; };
		2B480E3B1CF643EA00747EB1 /* PTObjectTests.m in Sources */ = {isa = PBXBuildFile; fileRef = 2B480E3A1CF643EA00747EB1 /* PTObjectTests.m */; };
		2B5060D71CDAD72C00C8A2BB /* PivotTrackerXPC.m in Sources */ = {isa = PBXBuildFile; fileRef = 2B5060D61CDAD72C00C8A2BB /* PivotTrackerXPC.m */; };
		2B5060D91CDAD72C00C8A2BB /* main.m in Sources */ = {isa = PBXBuildFile; fileRef = 2B5060D81CDAD72C00C8A2BB /* main.m */; };
		2B5060DD1CDAD72C00C8A2BB /* PivotTrackerXPC.xpc in Embed XPC Services */ = {isa = PBXBuildFile; fileRef = 2B5060D21CDAD72C00C8A2BB /* PivotTrackerXPC.xpc */; settings = {ATTRIBUTES = (RemoveHeadersOnCopy, ); }; };
		2B5802A11C94DF3E008CED0D /* AppDelegate.m in Sources */ = {isa = PBXBuildFile; fileRef = 2B5802A01C94DF3E008CED0D /* AppDelegate.m */; };
		2B5802A41C94DF3E008CED0D /* main.m in Sources */ = {isa = PBXBuildFile; fileRef = 2B5802A31C94DF3E008CED0D /* main.m */; };
		2B5802A71C94DF3E008CED0D /* ViewController.m in Sources */ = {isa = PBXBuildFile; fileRef = 2B5802A61C94DF3E008CED0D /* ViewController.m */; };
		2B5802A91C94DF3E008CED0D /* Assets.xcassets in Resources */ = {isa = PBXBuildFile; fileRef = 2B5802A81C94DF3E008CED0D /* Assets.xcassets */; };
		2B5802AC1C94DF3E008CED0D /* Main.storyboard in Resources */ = {isa = PBXBuildFile; fileRef = 2B5802AA1C94DF3E008CED0D /* Main.storyboard */; };
		2B5802B71C94DF3E008CED0D /* PT_ReleaseNotesTests.m in Sources */ = {isa = PBXBuildFile; fileRef = 2B5802B61C94DF3E008CED0D /* PT_ReleaseNotesTests.m */; };
		2B70C75A1CF3F03800E11800 /* SCDURLQueryMatcher.m in Sources */ = {isa = PBXBuildFile; fileRef = 2B70C7591CF3F03800E11800 /* SCDURLQueryMatcher.m */; };
		2B70C75C1CF3F06200E11800 /* SCDURLQueryMatcherTests.m in Sources */ = {isa = PBXBuildFile; fileRef = 2B70C75B1CF3F06200E11800 /* SCDURLQueryMatcherTests.m */; };
		2BC4441A1C962DEB008F0531 /* Constants.m in Sources */ = {isa = PBXBuildFile; fileRef = 2BC444191C962DEB008F0531 /* Constants.m */; };
		2BC4441B1C962DEB008F0531 /* Constants.m in Sources */ = {isa = PBXBuildFile; fileRef = 2BC444191C962DEB008F0531 /* Constants.m */; };
		2BC4441E1C963236008F0531 /* PTLabel.m in Sources */ = {isa = PBXBuildFile; fileRef = 2BC4441D1C963236008F0531 /* PTLabel.m */; };
		2BC4441F1C963236008F0531 /* PTLabel.m in Sources */ = {isa = PBXBuildFile; fileRef = 2BC4441D1C963236008F0531 /* PTLabel.m */; };
		2BC444221C963256008F0531 /* PTLabels.m in Sources */ = {isa = PBXBuildFile; fileRef = 2BC444211C963256008F0531 /* PTLabels.m */; };
		2BC444231C963256008F0531 /* PTLabels.m in Sources */ = {isa = PBXBuildFile; fileRef = 2BC444211C963256008F0531 /* PTLabels.m */; };
		2BC444271C963390008F0531 /* NSColor+PTColors.m in Sources */ = {isa = PBXBuildFile; fileRef = 2BC444261C963390008F0531 /* NSColor+PTColors.m */; };
		2BC444281C963390008F0531 /* NSColor+PTColors.m in Sources */ = {isa = PBXBuildFile; fileRef = 2BC444261C963390008F0531 /* NSColor+PTColors.m */; };
		2BC4442B1C963F9D008F0531 /* PTPerson.m in Sources */ = {isa = PBXBuildFile; fileRef = 2BC4442A1C963F9D008F0531 /* PTPerson.m */; };
		2BC4442C1C963F9D008F0531 /* PTPerson.m in Sources */ = {isa = PBXBuildFile; fileRef = 2BC4442A1C963F9D008F0531 /* PTPerson.m */; };
		2BC4442F1C964010008F0531 /* PTTimeZone.m in Sources */ = {isa = PBXBuildFile; fileRef = 2BC4442E1C964010008F0531 /* PTTimeZone.m */; };
		2BC444301C964010008F0531 /* PTTimeZone.m in Sources */ = {isa = PBXBuildFile; fileRef = 2BC4442E1C964010008F0531 /* PTTimeZone.m */; };
		2BF9136D1CE2582100C05D6E /* SCDMutableDictionary.m in Sources */ = {isa = PBXBuildFile; fileRef = 2BF9136C1CE2582100C05D6E /* SCDMutableDictionary.m */; };
		A5DE2FE8725CC64E36E804D6 /* libPods-PivotalTracker-PT_ReleaseNotes.a in Frameworks */ = {isa = PBXBuildFile; fileRef = D5449E2D5C384BCAD63DDF2C /* libPods-PivotalTracker-PT_ReleaseNotes.a */; };
		E0B9EFC4B3A12BFC30490EFD /* libPods-PivotalTracker-PivotTrackerXPC.a in Frameworks */ = {isa = PBXBuildFile; fileRef = 84F7C7B608125A1E06265FC0 /* libPods-PivotalTracker-PivotTrackerXPC.a */; };
/* End PBXBuildFile section */

/* Begin PBXContainerItemProxy section */
		2B5060DB1CDAD72C00C8A2BB /* PBXContainerItemProxy */ = {
			isa = PBXContainerItemProxy;
			containerPortal = 2B5802941C94DF3D008CED0D /* Project object */;
			proxyType = 1;
			remoteGlobalIDString = 2B5060D11CDAD72C00C8A2BB;
			remoteInfo = PivotTrackerXPC;
		};
		2B5802B31C94DF3E008CED0D /* PBXContainerItemProxy */ = {
			isa = PBXContainerItemProxy;
			containerPortal = 2B5802941C94DF3D008CED0D /* Project object */;
			proxyType = 1;
			remoteGlobalIDString = 2B58029B1C94DF3D008CED0D;
			remoteInfo = PT_ReleaseNotes;
		};
/* End PBXContainerItemProxy section */

/* Begin PBXCopyFilesBuildPhase section */
		2B5060E11CDAD72D00C8A2BB /* Embed XPC Services */ = {
			isa = PBXCopyFilesBuildPhase;
			buildActionMask = 2147483647;
			dstPath = "$(CONTENTS_FOLDER_PATH)/XPCServices";
			dstSubfolderSpec = 16;
			files = (
				2B5060DD1CDAD72C00C8A2BB /* PivotTrackerXPC.xpc in Embed XPC Services */,
			);
			name = "Embed XPC Services";
			runOnlyForDeploymentPostprocessing = 0;
		};
/* End PBXCopyFilesBuildPhase section */

/* Begin PBXFileReference section */
		020392F9F77C3DADAED7A9CA /* Pods-PivotalTracker-PT_ReleaseNotesTests.release.xcconfig */ = {isa = PBXFileReference; includeInIndex = 1; lastKnownFileType = text.xcconfig; name = "Pods-PivotalTracker-PT_ReleaseNotesTests.release.xcconfig"; path = "Pods/Target Support Files/Pods-PivotalTracker-PT_ReleaseNotesTests/Pods-PivotalTracker-PT_ReleaseNotesTests.release.xcconfig"; sourceTree = "<group>"; };
		2B2091881C9612170089B2E6 /* PTAccount.h */ = {isa = PBXFileReference; fileEncoding = 4; lastKnownFileType = sourcecode.c.h; name = PTAccount.h; path = "PT Classes/PTAccount.h"; sourceTree = "<group>"; };
		2B2091891C9612170089B2E6 /* PTAccount.m */ = {isa = PBXFileReference; fileEncoding = 4; lastKnownFileType = sourcecode.c.objc; name = PTAccount.m; path = "PT Classes/PTAccount.m"; sourceTree = "<group>"; };
		2B20918C1C96123F0089B2E6 /* PTAccountTests.m */ = {isa = PBXFileReference; fileEncoding = 4; lastKnownFileType = sourcecode.c.objc; path = PTAccountTests.m; sourceTree = "<group>"; };
		2B20918E1C961EE50089B2E6 /* ConfigurationController.h */ = {isa = PBXFileReference; fileEncoding = 4; lastKnownFileType = sourcecode.c.h; name = ConfigurationController.h; path = "View Controllers/ConfigurationController.h"; sourceTree = "<group>"; };
		2B20918F1C961EE50089B2E6 /* ConfigurationController.m */ = {isa = PBXFileReference; fileEncoding = 4; lastKnownFileType = sourcecode.c.objc; name = ConfigurationController.m; path = "View Controllers/ConfigurationController.m"; sourceTree = "<group>"; };
		2B2091941C9620BB0089B2E6 /* PTProject.h */ = {isa = PBXFileReference; fileEncoding = 4; lastKnownFileType = sourcecode.c.h; name = PTProject.h; path = "PT Classes/PTProject.h"; sourceTree = "<group>"; };
		2B2091951C9620BB0089B2E6 /* PTProject.m */ = {isa = PBXFileReference; fileEncoding = 4; lastKnownFileType = sourcecode.c.objc; name = PTProject.m; path = "PT Classes/PTProject.m"; sourceTree = "<group>"; };
		2B20919C1C9620E70089B2E6 /* PTProjects.h */ = {isa = PBXFileReference; fileEncoding = 4; lastKnownFileType = sourcecode.c.h; name = PTProjects.h; path = "PT Classes/PTProjects.h"; sourceTree = "<group>"; };
		2B20919D1C9620E70089B2E6 /* PTProjects.m */ = {isa = PBXFileReference; fileEncoding = 4; lastKnownFileType = sourcecode.c.objc; name = PTProjects.m; path = "PT Classes/PTProjects.m"; sourceTree = "<group>"; };
		2B2091A41C9621130089B2E6 /* PTEpic.h */ = {isa = PBXFileReference; fileEncoding = 4; lastKnownFileType = sourcecode.c.h; name = PTEpic.h; path = "PT Classes/PTEpic.h"; sourceTree = "<group>"; };
		2B2091A51C9621130089B2E6 /* PTEpic.m */ = {isa = PBXFileReference; fileEncoding = 4; lastKnownFileType = sourcecode.c.objc; name = PTEpic.m; path = "PT Classes/PTEpic.m"; sourceTree = "<group>"; };
		2B2091A81C96212C0089B2E6 /* PTEpics.h */ = {isa = PBXFileReference; fileEncoding = 4; lastKnownFileType = sourcecode.c.h; name = PTEpics.h; path = "PT Classes/PTEpics.h"; sourceTree = "<group>"; };
		2B2091A91C96212C0089B2E6 /* PTEpics.m */ = {isa = PBXFileReference; fileEncoding = 4; lastKnownFileType = sourcecode.c.objc; name = PTEpics.m; path = "PT Classes/PTEpics.m"; sourceTree = "<group>"; };
		2B2091AC1C9621410089B2E6 /* PTStory.h */ = {isa = PBXFileReference; fileEncoding = 4; lastKnownFileType = sourcecode.c.h; name = PTStory.h; path = "PT Classes/PTStory.h"; sourceTree = "<group>"; };
		2B2091AD1C9621410089B2E6 /* PTStory.m */ = {isa = PBXFileReference; fileEncoding = 4; lastKnownFileType = sourcecode.c.objc; name = PTStory.m; path = "PT Classes/PTStory.m"; sourceTree = "<group>"; };
		2B2091B01C9621520089B2E6 /* PTStories.h */ = {isa = PBXFileReference; fileEncoding = 4; lastKnownFileType = sourcecode.c.h; name = PTStories.h; path = "PT Classes/PTStories.h"; sourceTree = "<group>"; };
		2B2091B11C9621520089B2E6 /* PTStories.m */ = {isa = PBXFileReference; fileEncoding = 4; lastKnownFileType = sourcecode.c.objc; name = PTStories.m; path = "PT Classes/PTStories.m"; sourceTree = "<group>"; };
		2B2091B41C96216E0089B2E6 /* PTUser.h */ = {isa = PBXFileReference; fileEncoding = 4; lastKnownFileType = sourcecode.c.h; name = PTUser.h; path = "PT Classes/PTUser.h"; sourceTree = "<group>"; };
		2B2091B51C96216E0089B2E6 /* PTUser.m */ = {isa = PBXFileReference; fileEncoding = 4; lastKnownFileType = sourcecode.c.objc; name = PTUser.m; path = "PT Classes/PTUser.m"; sourceTree = "<group>"; };
		2B2091B81C9621810089B2E6 /* PTUsers.h */ = {isa = PBXFileReference; fileEncoding = 4; lastKnownFileType = sourcecode.c.h; name = PTUsers.h; path = "PT Classes/PTUsers.h"; sourceTree = "<group>"; };
		2B2091B91C9621810089B2E6 /* PTUsers.m */ = {isa = PBXFileReference; fileEncoding = 4; lastKnownFileType = sourcecode.c.objc; name = PTUsers.m; path = "PT Classes/PTUsers.m"; sourceTree = "<group>"; };
		2B480E321CF63FAD00747EB1 /* PTTrackerXPC.h */ = {isa = PBXFileReference; fileEncoding = 4; lastKnownFileType = sourcecode.c.h; path = PTTrackerXPC.h; sourceTree = "<group>"; };
		2B480E331CF63FAD00747EB1 /* PTTrackerXPC.m */ = {isa = PBXFileReference; fileEncoding = 4; lastKnownFileType = sourcecode.c.objc; path = PTTrackerXPC.m; sourceTree = "<group>"; };
		2B480E361CF6431E00747EB1 /* PTObject.h */ = {isa = PBXFileReference; fileEncoding = 4; lastKnownFileType = sourcecode.c.h; path = PTObject.h; sourceTree = "<group>"; };
		2B480E371CF6431E00747EB1 /* PTObject.m */ = {isa = PBXFileReference; fileEncoding = 4; lastKnownFileType = sourcecode.c.objc; path = PTObject.m; sourceTree = "<group>"; };
		2B480E3A1CF643EA00747EB1 /* PTObjectTests.m */ = {isa = PBXFileReference; fileEncoding = 4; lastKnownFileType = sourcecode.c.objc; path = PTObjectTests.m; sourceTree = "<group>"; };
		2B5060D21CDAD72C00C8A2BB /* PivotTrackerXPC.xpc */ = {isa = PBXFileReference; explicitFileType = "wrapper.xpc-service"; includeInIndex = 0; path = PivotTrackerXPC.xpc; sourceTree = BUILT_PRODUCTS_DIR; };
		2B5060D41CDAD72C00C8A2BB /* PivotTrackerXPCProtocol.h */ = {isa = PBXFileReference; lastKnownFileType = sourcecode.c.h; path = PivotTrackerXPCProtocol.h; sourceTree = "<group>"; };
		2B5060D51CDAD72C00C8A2BB /* PivotTrackerXPC.h */ = {isa = PBXFileReference; lastKnownFileType = sourcecode.c.h; path = PivotTrackerXPC.h; sourceTree = "<group>"; };
		2B5060D61CDAD72C00C8A2BB /* PivotTrackerXPC.m */ = {isa = PBXFileReference; lastKnownFileType = sourcecode.c.objc; path = PivotTrackerXPC.m; sourceTree = "<group>"; };
		2B5060D81CDAD72C00C8A2BB /* main.m */ = {isa = PBXFileReference; lastKnownFileType = sourcecode.c.objc; path = main.m; sourceTree = "<group>"; };
		2B5060DA1CDAD72C00C8A2BB /* Info.plist */ = {isa = PBXFileReference; lastKnownFileType = text.plist.xml; path = Info.plist; sourceTree = "<group>"; };
		2B58029C1C94DF3E008CED0D /* PT_ReleaseNotes.app */ = {isa = PBXFileReference; explicitFileType = wrapper.application; includeInIndex = 0; path = PT_ReleaseNotes.app; sourceTree = BUILT_PRODUCTS_DIR; };
		2B58029F1C94DF3E008CED0D /* AppDelegate.h */ = {isa = PBXFileReference; lastKnownFileType = sourcecode.c.h; path = AppDelegate.h; sourceTree = "<group>"; };
		2B5802A01C94DF3E008CED0D /* AppDelegate.m */ = {isa = PBXFileReference; lastKnownFileType = sourcecode.c.objc; path = AppDelegate.m; sourceTree = "<group>"; };
		2B5802A31C94DF3E008CED0D /* main.m */ = {isa = PBXFileReference; lastKnownFileType = sourcecode.c.objc; path = main.m; sourceTree = "<group>"; };
		2B5802A51C94DF3E008CED0D /* ViewController.h */ = {isa = PBXFileReference; lastKnownFileType = sourcecode.c.h; path = ViewController.h; sourceTree = "<group>"; };
		2B5802A61C94DF3E008CED0D /* ViewController.m */ = {isa = PBXFileReference; lastKnownFileType = sourcecode.c.objc; path = ViewController.m; sourceTree = "<group>"; };
		2B5802A81C94DF3E008CED0D /* Assets.xcassets */ = {isa = PBXFileReference; lastKnownFileType = folder.assetcatalog; path = Assets.xcassets; sourceTree = "<group>"; };
		2B5802AB1C94DF3E008CED0D /* Base */ = {isa = PBXFileReference; lastKnownFileType = file.storyboard; name = Base; path = Base.lproj/Main.storyboard; sourceTree = "<group>"; };
		2B5802AD1C94DF3E008CED0D /* Info.plist */ = {isa = PBXFileReference; lastKnownFileType = text.plist.xml; path = Info.plist; sourceTree = "<group>"; };
		2B5802B21C94DF3E008CED0D /* PT_ReleaseNotesTests.xctest */ = {isa = PBXFileReference; explicitFileType = wrapper.cfbundle; includeInIndex = 0; path = PT_ReleaseNotesTests.xctest; sourceTree = BUILT_PRODUCTS_DIR; };
		2B5802B61C94DF3E008CED0D /* PT_ReleaseNotesTests.m */ = {isa = PBXFileReference; lastKnownFileType = sourcecode.c.objc; path = PT_ReleaseNotesTests.m; sourceTree = "<group>"; };
		2B5802B81C94DF3E008CED0D /* Info.plist */ = {isa = PBXFileReference; lastKnownFileType = text.plist.xml; path = Info.plist; sourceTree = "<group>"; };
		2B5802C21C94E41C008CED0D /* LICENSE */ = {isa = PBXFileReference; lastKnownFileType = text; path = LICENSE; sourceTree = "<group>"; };
		2B5802C31C94E41C008CED0D /* README.md */ = {isa = PBXFileReference; lastKnownFileType = net.daringfireball.markdown; path = README.md; sourceTree = "<group>"; };
		2B5802C41C94E436008CED0D /* .gitignore */ = {isa = PBXFileReference; lastKnownFileType = text; name = .gitignore; path = ../.gitignore; sourceTree = "<group>"; };
		2B5802C51C94E440008CED0D /* .travis.yml */ = {isa = PBXFileReference; lastKnownFileType = text; name = .travis.yml; path = ../.travis.yml; sourceTree = "<group>"; };
		2B5802C61C94E544008CED0D /* Podfile */ = {isa = PBXFileReference; lastKnownFileType = text; path = Podfile; sourceTree = "<group>"; xcLanguageSpecificationIdentifier = xcode.lang.ruby; };
		2B5802C71C94EBE7008CED0D /* PrefixHeader.pch */ = {isa = PBXFileReference; fileEncoding = 4; lastKnownFileType = sourcecode.c.h; path = PrefixHeader.pch; sourceTree = SOURCE_ROOT; };
		2B70C7581CF3F03800E11800 /* SCDURLQueryMatcher.h */ = {isa = PBXFileReference; fileEncoding = 4; lastKnownFileType = sourcecode.c.h; path = SCDURLQueryMatcher.h; sourceTree = "<group>"; };
		2B70C7591CF3F03800E11800 /* SCDURLQueryMatcher.m */ = {isa = PBXFileReference; fileEncoding = 4; lastKnownFileType = sourcecode.c.objc; path = SCDURLQueryMatcher.m; sourceTree = "<group>"; };
		2B70C75B1CF3F06200E11800 /* SCDURLQueryMatcherTests.m */ = {isa = PBXFileReference; fileEncoding = 4; lastKnownFileType = sourcecode.c.objc; path = SCDURLQueryMatcherTests.m; sourceTree = "<group>"; };
		2BC444181C962DEB008F0531 /* Constants.h */ = {isa = PBXFileReference; fileEncoding = 4; lastKnownFileType = sourcecode.c.h; path = Constants.h; sourceTree = "<group>"; };
		2BC444191C962DEB008F0531 /* Constants.m */ = {isa = PBXFileReference; fileEncoding = 4; lastKnownFileType = sourcecode.c.objc; path = Constants.m; sourceTree = "<group>"; };
		2BC4441C1C963236008F0531 /* PTLabel.h */ = {isa = PBXFileReference; fileEncoding = 4; lastKnownFileType = sourcecode.c.h; name = PTLabel.h; path = "PT Classes/PTLabel.h"; sourceTree = "<group>"; };
		2BC4441D1C963236008F0531 /* PTLabel.m */ = {isa = PBXFileReference; fileEncoding = 4; lastKnownFileType = sourcecode.c.objc; name = PTLabel.m; path = "PT Classes/PTLabel.m"; sourceTree = "<group>"; };
		2BC444201C963256008F0531 /* PTLabels.h */ = {isa = PBXFileReference; fileEncoding = 4; lastKnownFileType = sourcecode.c.h; name = PTLabels.h; path = "PT Classes/PTLabels.h"; sourceTree = "<group>"; };
		2BC444211C963256008F0531 /* PTLabels.m */ = {isa = PBXFileReference; fileEncoding = 4; lastKnownFileType = sourcecode.c.objc; name = PTLabels.m; path = "PT Classes/PTLabels.m"; sourceTree = "<group>"; };
		2BC444251C963390008F0531 /* NSColor+PTColors.h */ = {isa = PBXFileReference; fileEncoding = 4; lastKnownFileType = sourcecode.c.h; path = "NSColor+PTColors.h"; sourceTree = "<group>"; };
		2BC444261C963390008F0531 /* NSColor+PTColors.m */ = {isa = PBXFileReference; fileEncoding = 4; lastKnownFileType = sourcecode.c.objc; path = "NSColor+PTColors.m"; sourceTree = "<group>"; };
		2BC444291C963F9D008F0531 /* PTPerson.h */ = {isa = PBXFileReference; fileEncoding = 4; lastKnownFileType = sourcecode.c.h; name = PTPerson.h; path = "PT Classes/PTPerson.h"; sourceTree = "<group>"; };
		2BC4442A1C963F9D008F0531 /* PTPerson.m */ = {isa = PBXFileReference; fileEncoding = 4; lastKnownFileType = sourcecode.c.objc; name = PTPerson.m; path = "PT Classes/PTPerson.m"; sourceTree = "<group>"; };
		2BC4442D1C964010008F0531 /* PTTimeZone.h */ = {isa = PBXFileReference; fileEncoding = 4; lastKnownFileType = sourcecode.c.h; name = PTTimeZone.h; path = "PT Classes/PTTimeZone.h"; sourceTree = "<group>"; };
		2BC4442E1C964010008F0531 /* PTTimeZone.m */ = {isa = PBXFileReference; fileEncoding = 4; lastKnownFileType = sourcecode.c.objc; name = PTTimeZone.m; path = "PT Classes/PTTimeZone.m"; sourceTree = "<group>"; };
		2BD001811C97582D0060A5ED /* DMKevlarApplication.h */ = {isa = PBXFileReference; lastKnownFileType = sourcecode.c.h; path = DMKevlarApplication.h; sourceTree = "<group>"; };
		2BD001821C97582D0060A5ED /* libkevlar.a */ = {isa = PBXFileReference; lastKnownFileType = archive.ar; path = libkevlar.a; sourceTree = "<group>"; };
		2BF9136B1CE2582100C05D6E /* SCDMutableDictionary.h */ = {isa = PBXFileReference; fileEncoding = 4; lastKnownFileType = sourcecode.c.h; name = SCDMutableDictionary.h; path = Categories/SCDMutableDictionary.h; sourceTree = "<group>"; };
		2BF9136C1CE2582100C05D6E /* SCDMutableDictionary.m */ = {isa = PBXFileReference; fileEncoding = 4; lastKnownFileType = sourcecode.c.objc; name = SCDMutableDictionary.m; path = Categories/SCDMutableDictionary.m; sourceTree = "<group>"; };
		307FE2AC246759A8587004D5 /* Pods-PivotalTracker-PT_ReleaseNotes.debug.xcconfig */ = {isa = PBXFileReference; includeInIndex = 1; lastKnownFileType = text.xcconfig; name = "Pods-PivotalTracker-PT_ReleaseNotes.debug.xcconfig"; path = "Pods/Target Support Files/Pods-PivotalTracker-PT_ReleaseNotes/Pods-PivotalTracker-PT_ReleaseNotes.debug.xcconfig"; sourceTree = "<group>"; };
		360CF7AB5431AE526D62FB24 /* Pods-PivotalTracker-PivotTrackerXPC.release.xcconfig */ = {isa = PBXFileReference; includeInIndex = 1; lastKnownFileType = text.xcconfig; name = "Pods-PivotalTracker-PivotTrackerXPC.release.xcconfig"; path = "Pods/Target Support Files/Pods-PivotalTracker-PivotTrackerXPC/Pods-PivotalTracker-PivotTrackerXPC.release.xcconfig"; sourceTree = "<group>"; };
		84F7C7B608125A1E06265FC0 /* libPods-PivotalTracker-PivotTrackerXPC.a */ = {isa = PBXFileReference; explicitFileType = archive.ar; includeInIndex = 0; path = "libPods-PivotalTracker-PivotTrackerXPC.a"; sourceTree = BUILT_PRODUCTS_DIR; };
		8D129DF3453432544CC83690 /* Pods-PivotalTracker-PivotTrackerXPC.debug.xcconfig */ = {isa = PBXFileReference; includeInIndex = 1; lastKnownFileType = text.xcconfig; name = "Pods-PivotalTracker-PivotTrackerXPC.debug.xcconfig"; path = "Pods/Target Support Files/Pods-PivotalTracker-PivotTrackerXPC/Pods-PivotalTracker-PivotTrackerXPC.debug.xcconfig"; sourceTree = "<group>"; };
		92C843ADDE260269481D3AC8 /* Pods-PivotalTracker-PT_ReleaseNotes.release.xcconfig */ = {isa = PBXFileReference; includeInIndex = 1; lastKnownFileType = text.xcconfig; name = "Pods-PivotalTracker-PT_ReleaseNotes.release.xcconfig"; path = "Pods/Target Support Files/Pods-PivotalTracker-PT_ReleaseNotes/Pods-PivotalTracker-PT_ReleaseNotes.release.xcconfig"; sourceTree = "<group>"; };
		A2BB6A79BA5DEFC48C32921C /* Pods-PivotalTracker-PT_ReleaseNotesTests.debug.xcconfig */ = {isa = PBXFileReference; includeInIndex = 1; lastKnownFileType = text.xcconfig; name = "Pods-PivotalTracker-PT_ReleaseNotesTests.debug.xcconfig"; path = "Pods/Target Support Files/Pods-PivotalTracker-PT_ReleaseNotesTests/Pods-PivotalTracker-PT_ReleaseNotesTests.debug.xcconfig"; sourceTree = "<group>"; };
		C6B57F417DCB97136EB20726 /* libPods-PivotalTracker-PT_ReleaseNotesTests.a */ = {isa = PBXFileReference; explicitFileType = archive.ar; includeInIndex = 0; path = "libPods-PivotalTracker-PT_ReleaseNotesTests.a"; sourceTree = BUILT_PRODUCTS_DIR; };
		D5449E2D5C384BCAD63DDF2C /* libPods-PivotalTracker-PT_ReleaseNotes.a */ = {isa = PBXFileReference; explicitFileType = archive.ar; includeInIndex = 0; path = "libPods-PivotalTracker-PT_ReleaseNotes.a"; sourceTree = BUILT_PRODUCTS_DIR; };
/* End PBXFileReference section */

/* Begin PBXFrameworksBuildPhase section */
		2B5060CF1CDAD72C00C8A2BB /* Frameworks */ = {
			isa = PBXFrameworksBuildPhase;
			buildActionMask = 2147483647;
			files = (
				E0B9EFC4B3A12BFC30490EFD /* libPods-PivotalTracker-PivotTrackerXPC.a in Frameworks */,
			);
			runOnlyForDeploymentPostprocessing = 0;
		};
		2B5802991C94DF3D008CED0D /* Frameworks */ = {
			isa = PBXFrameworksBuildPhase;
			buildActionMask = 2147483647;
			files = (
				A5DE2FE8725CC64E36E804D6 /* libPods-PivotalTracker-PT_ReleaseNotes.a in Frameworks */,
			);
			runOnlyForDeploymentPostprocessing = 0;
		};
		2B5802AF1C94DF3E008CED0D /* Frameworks */ = {
			isa = PBXFrameworksBuildPhase;
			buildActionMask = 2147483647;
			files = (
				2922FBCF3E4A73E7E8415547 /* libPods-PivotalTracker-PT_ReleaseNotesTests.a in Frameworks */,
			);
			runOnlyForDeploymentPostprocessing = 0;
		};
/* End PBXFrameworksBuildPhase section */

/* Begin PBXGroup section */
		2B2091931C9620930089B2E6 /* PivotalTracker */ = {
			isa = PBXGroup;
			children = (
				2B2091881C9612170089B2E6 /* PTAccount.h */,
				2B2091891C9612170089B2E6 /* PTAccount.m */,
				2B2091A41C9621130089B2E6 /* PTEpic.h */,
				2B2091A51C9621130089B2E6 /* PTEpic.m */,
				2B2091A81C96212C0089B2E6 /* PTEpics.h */,
				2B2091A91C96212C0089B2E6 /* PTEpics.m */,
				2BC4441C1C963236008F0531 /* PTLabel.h */,
				2BC4441D1C963236008F0531 /* PTLabel.m */,
				2BC444201C963256008F0531 /* PTLabels.h */,
				2BC444211C963256008F0531 /* PTLabels.m */,
				2B480E361CF6431E00747EB1 /* PTObject.h */,
				2B480E371CF6431E00747EB1 /* PTObject.m */,
				2BC444291C963F9D008F0531 /* PTPerson.h */,
				2BC4442A1C963F9D008F0531 /* PTPerson.m */,
				2B2091941C9620BB0089B2E6 /* PTProject.h */,
				2B2091951C9620BB0089B2E6 /* PTProject.m */,
				2B20919C1C9620E70089B2E6 /* PTProjects.h */,
				2B20919D1C9620E70089B2E6 /* PTProjects.m */,
				2B2091B01C9621520089B2E6 /* PTStories.h */,
				2B2091B11C9621520089B2E6 /* PTStories.m */,
				2B2091AC1C9621410089B2E6 /* PTStory.h */,
				2B2091AD1C9621410089B2E6 /* PTStory.m */,
				2BC4442D1C964010008F0531 /* PTTimeZone.h */,
				2BC4442E1C964010008F0531 /* PTTimeZone.m */,
				2B480E321CF63FAD00747EB1 /* PTTrackerXPC.h */,
				2B480E331CF63FAD00747EB1 /* PTTrackerXPC.m */,
				2B2091B41C96216E0089B2E6 /* PTUser.h */,
				2B2091B51C96216E0089B2E6 /* PTUser.m */,
				2B2091B81C9621810089B2E6 /* PTUsers.h */,
				2B2091B91C9621810089B2E6 /* PTUsers.m */,
			);
			name = PivotalTracker;
			sourceTree = "<group>";
		};
		2B5060D31CDAD72C00C8A2BB /* PivotTrackerXPC */ = {
			isa = PBXGroup;
			children = (
				2B5060D41CDAD72C00C8A2BB /* PivotTrackerXPCProtocol.h */,
				2B5060D51CDAD72C00C8A2BB /* PivotTrackerXPC.h */,
				2B5060D61CDAD72C00C8A2BB /* PivotTrackerXPC.m */,
				2B5060D81CDAD72C00C8A2BB /* main.m */,
				2B5060DA1CDAD72C00C8A2BB /* Info.plist */,
			);
			path = PivotTrackerXPC;
			sourceTree = "<group>";
		};
		2B5802931C94DF3D008CED0D = {
			isa = PBXGroup;
			children = (
				2BD001801C97582D0060A5ED /* Kevlar */,
				2B5802C11C94E3F7008CED0D /* Settings and Files */,
				2B58029E1C94DF3E008CED0D /* PT_ReleaseNotes */,
				2B5802B51C94DF3E008CED0D /* PT_ReleaseNotesTests */,
				2B5060D31CDAD72C00C8A2BB /* PivotTrackerXPC */,
				2B58029D1C94DF3E008CED0D /* Products */,
				793A712758AFC837B25D55F9 /* Pods */,
				68BA29EE64B5263159C8213B /* Frameworks */,
			);
			sourceTree = "<group>";
		};
		2B58029D1C94DF3E008CED0D /* Products */ = {
			isa = PBXGroup;
			children = (
				2B58029C1C94DF3E008CED0D /* PT_ReleaseNotes.app */,
				2B5802B21C94DF3E008CED0D /* PT_ReleaseNotesTests.xctest */,
				2B5060D21CDAD72C00C8A2BB /* PivotTrackerXPC.xpc */,
			);
			name = Products;
			sourceTree = "<group>";
		};
		2B58029E1C94DF3E008CED0D /* PT_ReleaseNotes */ = {
			isa = PBXGroup;
			children = (
				2BC444241C963367008F0531 /* Custom Categories */,
				2B58029F1C94DF3E008CED0D /* AppDelegate.h */,
				2B5802A01C94DF3E008CED0D /* AppDelegate.m */,
				2B5802A51C94DF3E008CED0D /* ViewController.h */,
				2B5802A61C94DF3E008CED0D /* ViewController.m */,
				2B5802A81C94DF3E008CED0D /* Assets.xcassets */,
				2B5802AA1C94DF3E008CED0D /* Main.storyboard */,
				2B5802AD1C94DF3E008CED0D /* Info.plist */,
				2B5802A21C94DF3E008CED0D /* Supporting Files */,
				2B2091931C9620930089B2E6 /* PivotalTracker */,
				2B20918E1C961EE50089B2E6 /* ConfigurationController.h */,
				2B20918F1C961EE50089B2E6 /* ConfigurationController.m */,
				2BC444181C962DEB008F0531 /* Constants.h */,
				2BC444191C962DEB008F0531 /* Constants.m */,
			);
			path = PT_ReleaseNotes;
			sourceTree = "<group>";
		};
		2B5802A21C94DF3E008CED0D /* Supporting Files */ = {
			isa = PBXGroup;
			children = (
				2B5802C71C94EBE7008CED0D /* PrefixHeader.pch */,
				2B5802A31C94DF3E008CED0D /* main.m */,
			);
			name = "Supporting Files";
			sourceTree = "<group>";
		};
		2B5802B51C94DF3E008CED0D /* PT_ReleaseNotesTests */ = {
			isa = PBXGroup;
			children = (
				2B5802B61C94DF3E008CED0D /* PT_ReleaseNotesTests.m */,
				2B5802B81C94DF3E008CED0D /* Info.plist */,
				2B20918C1C96123F0089B2E6 /* PTAccountTests.m */,
				2B480E3A1CF643EA00747EB1 /* PTObjectTests.m */,
				2B70C7581CF3F03800E11800 /* SCDURLQueryMatcher.h */,
				2B70C7591CF3F03800E11800 /* SCDURLQueryMatcher.m */,
				2B70C75B1CF3F06200E11800 /* SCDURLQueryMatcherTests.m */,
			);
			path = PT_ReleaseNotesTests;
			sourceTree = "<group>";
		};
		2B5802C11C94E3F7008CED0D /* Settings and Files */ = {
			isa = PBXGroup;
			children = (
				2B5802C61C94E544008CED0D /* Podfile */,
				2B5802C51C94E440008CED0D /* .travis.yml */,
				2B5802C41C94E436008CED0D /* .gitignore */,
				2B5802C21C94E41C008CED0D /* LICENSE */,
				2B5802C31C94E41C008CED0D /* README.md */,
			);
			name = "Settings and Files";
			sourceTree = "<group>";
		};
		2BC444241C963367008F0531 /* Custom Categories */ = {
			isa = PBXGroup;
			children = (
				2BC444251C963390008F0531 /* NSColor+PTColors.h */,
				2BC444261C963390008F0531 /* NSColor+PTColors.m */,
				2BF9136B1CE2582100C05D6E /* SCDMutableDictionary.h */,
				2BF9136C1CE2582100C05D6E /* SCDMutableDictionary.m */,
			);
			name = "Custom Categories";
			sourceTree = "<group>";
		};
		2BD001801C97582D0060A5ED /* Kevlar */ = {
			isa = PBXGroup;
			children = (
				2BD001811C97582D0060A5ED /* DMKevlarApplication.h */,
				2BD001821C97582D0060A5ED /* libkevlar.a */,
			);
			path = Kevlar;
			sourceTree = "<group>";
		};
		68BA29EE64B5263159C8213B /* Frameworks */ = {
			isa = PBXGroup;
			children = (
				D5449E2D5C384BCAD63DDF2C /* libPods-PivotalTracker-PT_ReleaseNotes.a */,
				C6B57F417DCB97136EB20726 /* libPods-PivotalTracker-PT_ReleaseNotesTests.a */,
				84F7C7B608125A1E06265FC0 /* libPods-PivotalTracker-PivotTrackerXPC.a */,
			);
			name = Frameworks;
			sourceTree = "<group>";
		};
		793A712758AFC837B25D55F9 /* Pods */ = {
			isa = PBXGroup;
			children = (
				307FE2AC246759A8587004D5 /* Pods-PivotalTracker-PT_ReleaseNotes.debug.xcconfig */,
				92C843ADDE260269481D3AC8 /* Pods-PivotalTracker-PT_ReleaseNotes.release.xcconfig */,
				A2BB6A79BA5DEFC48C32921C /* Pods-PivotalTracker-PT_ReleaseNotesTests.debug.xcconfig */,
				020392F9F77C3DADAED7A9CA /* Pods-PivotalTracker-PT_ReleaseNotesTests.release.xcconfig */,
				8D129DF3453432544CC83690 /* Pods-PivotalTracker-PivotTrackerXPC.debug.xcconfig */,
				360CF7AB5431AE526D62FB24 /* Pods-PivotalTracker-PivotTrackerXPC.release.xcconfig */,
			);
			name = Pods;
			sourceTree = "<group>";
		};
/* End PBXGroup section */

/* Begin PBXNativeTarget section */
		2B5060D11CDAD72C00C8A2BB /* PivotTrackerXPC */ = {
			isa = PBXNativeTarget;
			buildConfigurationList = 2B5060E01CDAD72D00C8A2BB /* Build configuration list for PBXNativeTarget "PivotTrackerXPC" */;
			buildPhases = (
				EF560C98FF5198A53263FF9F /* 📦 Check Pods Manifest.lock */,
				2B5060CE1CDAD72C00C8A2BB /* Sources */,
				2B5060CF1CDAD72C00C8A2BB /* Frameworks */,
				2B5060D01CDAD72C00C8A2BB /* Resources */,
				260C63559F0676C38941C72E /* 📦 Copy Pods Resources */,
			);
			buildRules = (
			);
			dependencies = (
			);
			name = PivotTrackerXPC;
			productName = PivotTrackerXPC;
			productReference = 2B5060D21CDAD72C00C8A2BB /* PivotTrackerXPC.xpc */;
			productType = "com.apple.product-type.xpc-service";
		};
		2B58029B1C94DF3D008CED0D /* PT_ReleaseNotes */ = {
			isa = PBXNativeTarget;
			buildConfigurationList = 2B5802BB1C94DF3E008CED0D /* Build configuration list for PBXNativeTarget "PT_ReleaseNotes" */;
			buildPhases = (
				F3241A0CAF3F419BBAA2DEE2 /* 📦 Check Pods Manifest.lock */,
				2B5802981C94DF3D008CED0D /* Sources */,
				2B5802991C94DF3D008CED0D /* Frameworks */,
				2B58029A1C94DF3D008CED0D /* Resources */,
				2B5060E11CDAD72D00C8A2BB /* Embed XPC Services */,
				64B74DD2D510606D6EC01DF3 /* 📦 Embed Pods Frameworks */,
				CB0254907FEC1C1BAF3B4711 /* 📦 Copy Pods Resources */,
			);
			buildRules = (
			);
			dependencies = (
				2B5060DC1CDAD72C00C8A2BB /* PBXTargetDependency */,
			);
			name = PT_ReleaseNotes;
			productName = PT_ReleaseNotes;
			productReference = 2B58029C1C94DF3E008CED0D /* PT_ReleaseNotes.app */;
			productType = "com.apple.product-type.application";
		};
		2B5802B11C94DF3E008CED0D /* PT_ReleaseNotesTests */ = {
			isa = PBXNativeTarget;
			buildConfigurationList = 2B5802BE1C94DF3E008CED0D /* Build configuration list for PBXNativeTarget "PT_ReleaseNotesTests" */;
			buildPhases = (
				9C793CC40C3C8A6E8D1A668E /* 📦 Check Pods Manifest.lock */,
				2B5802AE1C94DF3E008CED0D /* Sources */,
				2B5802AF1C94DF3E008CED0D /* Frameworks */,
				2B5802B01C94DF3E008CED0D /* Resources */,
				0E6D74AB03BB430B67933953 /* 📦 Embed Pods Frameworks */,
				9B02F4C91F1873D26E922BEA /* 📦 Copy Pods Resources */,
			);
			buildRules = (
			);
			dependencies = (
				2B5802B41C94DF3E008CED0D /* PBXTargetDependency */,
			);
			name = PT_ReleaseNotesTests;
			productName = PT_ReleaseNotesTests;
			productReference = 2B5802B21C94DF3E008CED0D /* PT_ReleaseNotesTests.xctest */;
			productType = "com.apple.product-type.bundle.unit-test";
		};
/* End PBXNativeTarget section */

/* Begin PBXProject section */
		2B5802941C94DF3D008CED0D /* Project object */ = {
			isa = PBXProject;
			attributes = {
				LastUpgradeCheck = 0720;
				ORGANIZATIONNAME = "Samuel DeVore";
				TargetAttributes = {
					2B5060D11CDAD72C00C8A2BB = {
						CreatedOnToolsVersion = 7.2.1;
					};
					2B58029B1C94DF3D008CED0D = {
						CreatedOnToolsVersion = 7.2.1;
					};
					2B5802B11C94DF3E008CED0D = {
						CreatedOnToolsVersion = 7.2.1;
						TestTargetID = 2B58029B1C94DF3D008CED0D;
					};
				};
			};
			buildConfigurationList = 2B5802971C94DF3D008CED0D /* Build configuration list for PBXProject "PT_ReleaseNotes" */;
			compatibilityVersion = "Xcode 3.2";
			developmentRegion = English;
			hasScannedForEncodings = 0;
			knownRegions = (
				en,
				Base,
			);
			mainGroup = 2B5802931C94DF3D008CED0D;
			productRefGroup = 2B58029D1C94DF3E008CED0D /* Products */;
			projectDirPath = "";
			projectRoot = "";
			targets = (
				2B58029B1C94DF3D008CED0D /* PT_ReleaseNotes */,
				2B5802B11C94DF3E008CED0D /* PT_ReleaseNotesTests */,
				2B5060D11CDAD72C00C8A2BB /* PivotTrackerXPC */,
			);
		};
/* End PBXProject section */

/* Begin PBXResourcesBuildPhase section */
		2B5060D01CDAD72C00C8A2BB /* Resources */ = {
			isa = PBXResourcesBuildPhase;
			buildActionMask = 2147483647;
			files = (
			);
			runOnlyForDeploymentPostprocessing = 0;
		};
		2B58029A1C94DF3D008CED0D /* Resources */ = {
			isa = PBXResourcesBuildPhase;
			buildActionMask = 2147483647;
			files = (
				2B5802A91C94DF3E008CED0D /* Assets.xcassets in Resources */,
				2B5802AC1C94DF3E008CED0D /* Main.storyboard in Resources */,
			);
			runOnlyForDeploymentPostprocessing = 0;
		};
		2B5802B01C94DF3E008CED0D /* Resources */ = {
			isa = PBXResourcesBuildPhase;
			buildActionMask = 2147483647;
			files = (
			);
			runOnlyForDeploymentPostprocessing = 0;
		};
/* End PBXResourcesBuildPhase section */

/* Begin PBXShellScriptBuildPhase section */
		0E6D74AB03BB430B67933953 /* 📦 Embed Pods Frameworks */ = {
			isa = PBXShellScriptBuildPhase;
			buildActionMask = 2147483647;
			files = (
			);
			inputPaths = (
			);
			name = "📦 Embed Pods Frameworks";
			outputPaths = (
			);
			runOnlyForDeploymentPostprocessing = 0;
			shellPath = /bin/sh;
			shellScript = "\"${SRCROOT}/Pods/Target Support Files/Pods-PivotalTracker-PT_ReleaseNotesTests/Pods-PivotalTracker-PT_ReleaseNotesTests-frameworks.sh\"\n";
			showEnvVarsInLog = 0;
		};
		260C63559F0676C38941C72E /* 📦 Copy Pods Resources */ = {
			isa = PBXShellScriptBuildPhase;
			buildActionMask = 2147483647;
			files = (
			);
			inputPaths = (
			);
			name = "📦 Copy Pods Resources";
			outputPaths = (
			);
			runOnlyForDeploymentPostprocessing = 0;
			shellPath = /bin/sh;
			shellScript = "\"${SRCROOT}/Pods/Target Support Files/Pods-PivotalTracker-PivotTrackerXPC/Pods-PivotalTracker-PivotTrackerXPC-resources.sh\"\n";
			showEnvVarsInLog = 0;
		};
		64B74DD2D510606D6EC01DF3 /* 📦 Embed Pods Frameworks */ = {
			isa = PBXShellScriptBuildPhase;
			buildActionMask = 2147483647;
			files = (
			);
			inputPaths = (
			);
			name = "📦 Embed Pods Frameworks";
			outputPaths = (
			);
			runOnlyForDeploymentPostprocessing = 0;
			shellPath = /bin/sh;
			shellScript = "\"${SRCROOT}/Pods/Target Support Files/Pods-PivotalTracker-PT_ReleaseNotes/Pods-PivotalTracker-PT_ReleaseNotes-frameworks.sh\"\n";
			showEnvVarsInLog = 0;
		};
		9B02F4C91F1873D26E922BEA /* 📦 Copy Pods Resources */ = {
			isa = PBXShellScriptBuildPhase;
			buildActionMask = 2147483647;
			files = (
			);
			inputPaths = (
			);
			name = "📦 Copy Pods Resources";
			outputPaths = (
			);
			runOnlyForDeploymentPostprocessing = 0;
			shellPath = /bin/sh;
			shellScript = "\"${SRCROOT}/Pods/Target Support Files/Pods-PivotalTracker-PT_ReleaseNotesTests/Pods-PivotalTracker-PT_ReleaseNotesTests-resources.sh\"\n";
			showEnvVarsInLog = 0;
		};
		9C793CC40C3C8A6E8D1A668E /* 📦 Check Pods Manifest.lock */ = {
			isa = PBXShellScriptBuildPhase;
			buildActionMask = 2147483647;
			files = (
			);
			inputPaths = (
			);
			name = "📦 Check Pods Manifest.lock";
			outputPaths = (
			);
			runOnlyForDeploymentPostprocessing = 0;
			shellPath = /bin/sh;
			shellScript = "diff \"${PODS_ROOT}/../Podfile.lock\" \"${PODS_ROOT}/Manifest.lock\" > /dev/null\nif [[ $? != 0 ]] ; then\n    cat << EOM\nerror: The sandbox is not in sync with the Podfile.lock. Run 'pod install' or update your CocoaPods installation.\nEOM\n    exit 1\nfi\n";
			showEnvVarsInLog = 0;
		};
		CB0254907FEC1C1BAF3B4711 /* 📦 Copy Pods Resources */ = {
			isa = PBXShellScriptBuildPhase;
			buildActionMask = 2147483647;
			files = (
			);
			inputPaths = (
			);
			name = "📦 Copy Pods Resources";
			outputPaths = (
			);
			runOnlyForDeploymentPostprocessing = 0;
			shellPath = /bin/sh;
			shellScript = "\"${SRCROOT}/Pods/Target Support Files/Pods-PivotalTracker-PT_ReleaseNotes/Pods-PivotalTracker-PT_ReleaseNotes-resources.sh\"\n";
			showEnvVarsInLog = 0;
		};
		EF560C98FF5198A53263FF9F /* 📦 Check Pods Manifest.lock */ = {
			isa = PBXShellScriptBuildPhase;
			buildActionMask = 2147483647;
			files = (
			);
			inputPaths = (
			);
			name = "📦 Check Pods Manifest.lock";
			outputPaths = (
			);
			runOnlyForDeploymentPostprocessing = 0;
			shellPath = /bin/sh;
			shellScript = "diff \"${PODS_ROOT}/../Podfile.lock\" \"${PODS_ROOT}/Manifest.lock\" > /dev/null\nif [[ $? != 0 ]] ; then\n    cat << EOM\nerror: The sandbox is not in sync with the Podfile.lock. Run 'pod install' or update your CocoaPods installation.\nEOM\n    exit 1\nfi\n";
			showEnvVarsInLog = 0;
		};
		F3241A0CAF3F419BBAA2DEE2 /* 📦 Check Pods Manifest.lock */ = {
			isa = PBXShellScriptBuildPhase;
			buildActionMask = 2147483647;
			files = (
			);
			inputPaths = (
			);
			name = "📦 Check Pods Manifest.lock";
			outputPaths = (
			);
			runOnlyForDeploymentPostprocessing = 0;
			shellPath = /bin/sh;
			shellScript = "diff \"${PODS_ROOT}/../Podfile.lock\" \"${PODS_ROOT}/Manifest.lock\" > /dev/null\nif [[ $? != 0 ]] ; then\n    cat << EOM\nerror: The sandbox is not in sync with the Podfile.lock. Run 'pod install' or update your CocoaPods installation.\nEOM\n    exit 1\nfi\n";
			showEnvVarsInLog = 0;
		};
/* End PBXShellScriptBuildPhase section */

/* Begin PBXSourcesBuildPhase section */
		2B5060CE1CDAD72C00C8A2BB /* Sources */ = {
			isa = PBXSourcesBuildPhase;
			buildActionMask = 2147483647;
			files = (
				2B5060D91CDAD72C00C8A2BB /* main.m in Sources */,
				2B5060D71CDAD72C00C8A2BB /* PivotTrackerXPC.m in Sources */,
			);
			runOnlyForDeploymentPostprocessing = 0;
		};
		2B5802981C94DF3D008CED0D /* Sources */ = {
			isa = PBXSourcesBuildPhase;
			buildActionMask = 2147483647;
			files = (
				2BC4442B1C963F9D008F0531 /* PTPerson.m in Sources */,
				2B2091A61C9621130089B2E6 /* PTEpic.m in Sources */,
				2B2091AA1C96212C0089B2E6 /* PTEpics.m in Sources */,
				2B2091901C961EE50089B2E6 /* ConfigurationController.m in Sources */,
				2B5802A71C94DF3E008CED0D /* ViewController.m in Sources */,
				2B5802A41C94DF3E008CED0D /* main.m in Sources */,
				2BC4441A1C962DEB008F0531 /* Constants.m in Sources */,
				2B2091B21C9621520089B2E6 /* PTStories.m in Sources */,
				2BC4442F1C964010008F0531 /* PTTimeZone.m in Sources */,
				2BC4441E1C963236008F0531 /* PTLabel.m in Sources */,
				2B2091961C9620BB0089B2E6 /* PTProject.m in Sources */,
				2B480E341CF63FAD00747EB1 /* PTTrackerXPC.m in Sources */,
				2BF9136D1CE2582100C05D6E /* SCDMutableDictionary.m in Sources */,
				2BC444271C963390008F0531 /* NSColor+PTColors.m in Sources */,
				2B5802A11C94DF3E008CED0D /* AppDelegate.m in Sources */,
				2B2091BA1C9621810089B2E6 /* PTUsers.m in Sources */,
				2B480E381CF6431E00747EB1 /* PTObject.m in Sources */,
				2B20918A1C9612170089B2E6 /* PTAccount.m in Sources */,
				2BC444221C963256008F0531 /* PTLabels.m in Sources */,
				2B20919E1C9620E70089B2E6 /* PTProjects.m in Sources */,
				2B2091B61C96216E0089B2E6 /* PTUser.m in Sources */,
				2B2091AE1C9621410089B2E6 /* PTStory.m in Sources */,
			);
			runOnlyForDeploymentPostprocessing = 0;
		};
		2B5802AE1C94DF3E008CED0D /* Sources */ = {
			isa = PBXSourcesBuildPhase;
			buildActionMask = 2147483647;
			files = (
				2BC444301C964010008F0531 /* PTTimeZone.m in Sources */,
				2B2091A71C9621130089B2E6 /* PTEpic.m in Sources */,
				2B2091B31C9621520089B2E6 /* PTStories.m in Sources */,
				2B2091AF1C9621410089B2E6 /* PTStory.m in Sources */,
				2B2091911C961EE50089B2E6 /* ConfigurationController.m in Sources */,
				2B2091971C9620BB0089B2E6 /* PTProject.m in Sources */,
				2B5802B71C94DF3E008CED0D /* PT_ReleaseNotesTests.m in Sources */,
				2B2091AB1C96212C0089B2E6 /* PTEpics.m in Sources */,
				2B70C75A1CF3F03800E11800 /* SCDURLQueryMatcher.m in Sources */,
				2BC4441B1C962DEB008F0531 /* Constants.m in Sources */,
				2BC444231C963256008F0531 /* PTLabels.m in Sources */,
				2B480E351CF63FAD00747EB1 /* PTTrackerXPC.m in Sources */,
				2BC4442C1C963F9D008F0531 /* PTPerson.m in Sources */,
				2BC4441F1C963236008F0531 /* PTLabel.m in Sources */,
				2B20919F1C9620E70089B2E6 /* PTProjects.m in Sources */,
				2B480E3B1CF643EA00747EB1 /* PTObjectTests.m in Sources */,
				2B70C75C1CF3F06200E11800 /* SCDURLQueryMatcherTests.m in Sources */,
				2B480E391CF6431E00747EB1 /* PTObject.m in Sources */,
				2B20918D1C96123F0089B2E6 /* PTAccountTests.m in Sources */,
				2B2091B71C96216E0089B2E6 /* PTUser.m in Sources */,
				2B2091BB1C9621810089B2E6 /* PTUsers.m in Sources */,
				2BC444281C963390008F0531 /* NSColor+PTColors.m in Sources */,
				2B20918B1C9612170089B2E6 /* PTAccount.m in Sources */,
			);
			runOnlyForDeploymentPostprocessing = 0;
		};
/* End PBXSourcesBuildPhase section */

/* Begin PBXTargetDependency section */
		2B5060DC1CDAD72C00C8A2BB /* PBXTargetDependency */ = {
			isa = PBXTargetDependency;
			target = 2B5060D11CDAD72C00C8A2BB /* PivotTrackerXPC */;
			targetProxy = 2B5060DB1CDAD72C00C8A2BB /* PBXContainerItemProxy */;
		};
		2B5802B41C94DF3E008CED0D /* PBXTargetDependency */ = {
			isa = PBXTargetDependency;
			target = 2B58029B1C94DF3D008CED0D /* PT_ReleaseNotes */;
			targetProxy = 2B5802B31C94DF3E008CED0D /* PBXContainerItemProxy */;
		};
/* End PBXTargetDependency section */

/* Begin PBXVariantGroup section */
		2B5802AA1C94DF3E008CED0D /* Main.storyboard */ = {
			isa = PBXVariantGroup;
			children = (
				2B5802AB1C94DF3E008CED0D /* Base */,
			);
			name = Main.storyboard;
			sourceTree = "<group>";
		};
/* End PBXVariantGroup section */

/* Begin XCBuildConfiguration section */
		2B5060DE1CDAD72D00C8A2BB /* Debug */ = {
			isa = XCBuildConfiguration;
			baseConfigurationReference = 8D129DF3453432544CC83690 /* Pods-PivotalTracker-PivotTrackerXPC.debug.xcconfig */;
			buildSettings = {
				COMBINE_HIDPI_IMAGES = YES;
				INFOPLIST_FILE = PivotTrackerXPC/Info.plist;
				PRODUCT_BUNDLE_IDENTIFIER = com.scidsolutions.PivotTrackerXPC;
				PRODUCT_NAME = "$(TARGET_NAME)";
				SKIP_INSTALL = YES;
			};
			name = Debug;
		};
		2B5060DF1CDAD72D00C8A2BB /* Release */ = {
			isa = XCBuildConfiguration;
			baseConfigurationReference = 360CF7AB5431AE526D62FB24 /* Pods-PivotalTracker-PivotTrackerXPC.release.xcconfig */;
			buildSettings = {
				COMBINE_HIDPI_IMAGES = YES;
				INFOPLIST_FILE = PivotTrackerXPC/Info.plist;
				PRODUCT_BUNDLE_IDENTIFIER = com.scidsolutions.PivotTrackerXPC;
				PRODUCT_NAME = "$(TARGET_NAME)";
				SKIP_INSTALL = YES;
			};
			name = Release;
		};
		2B5802B91C94DF3E008CED0D /* Debug */ = {
			isa = XCBuildConfiguration;
			buildSettings = {
				ALWAYS_SEARCH_USER_PATHS = NO;
				CLANG_CXX_LANGUAGE_STANDARD = "gnu++0x";
				CLANG_CXX_LIBRARY = "libc++";
				CLANG_ENABLE_MODULES = YES;
				CLANG_ENABLE_OBJC_ARC = YES;
				CLANG_WARN_BOOL_CONVERSION = YES;
				CLANG_WARN_CONSTANT_CONVERSION = YES;
				CLANG_WARN_DIRECT_OBJC_ISA_USAGE = YES_ERROR;
				CLANG_WARN_EMPTY_BODY = YES;
				CLANG_WARN_ENUM_CONVERSION = YES;
				CLANG_WARN_INT_CONVERSION = YES;
				CLANG_WARN_OBJC_ROOT_CLASS = YES_ERROR;
				CLANG_WARN_UNREACHABLE_CODE = YES;
				CLANG_WARN__DUPLICATE_METHOD_MATCH = YES;
				CODE_SIGN_IDENTITY = "-";
				COPY_PHASE_STRIP = NO;
				DEBUG_INFORMATION_FORMAT = dwarf;
				ENABLE_STRICT_OBJC_MSGSEND = YES;
				ENABLE_TESTABILITY = YES;
				GCC_C_LANGUAGE_STANDARD = gnu99;
				GCC_DYNAMIC_NO_PIC = NO;
				GCC_NO_COMMON_BLOCKS = YES;
				GCC_OPTIMIZATION_LEVEL = 0;
				GCC_PREPROCESSOR_DEFINITIONS = (
					"DEBUG=1",
					"$(inherited)",
				);
				GCC_WARN_64_TO_32_BIT_CONVERSION = YES;
				GCC_WARN_ABOUT_RETURN_TYPE = YES_ERROR;
				GCC_WARN_UNDECLARED_SELECTOR = YES;
				GCC_WARN_UNINITIALIZED_AUTOS = YES_AGGRESSIVE;
				GCC_WARN_UNUSED_FUNCTION = YES;
				GCC_WARN_UNUSED_VARIABLE = YES;
				MACOSX_DEPLOYMENT_TARGET = 10.10;
				MTL_ENABLE_DEBUG_INFO = YES;
				ONLY_ACTIVE_ARCH = YES;
				SDKROOT = macosx;
			};
			name = Debug;
		};
		2B5802BA1C94DF3E008CED0D /* Release */ = {
			isa = XCBuildConfiguration;
			buildSettings = {
				ALWAYS_SEARCH_USER_PATHS = NO;
				CLANG_CXX_LANGUAGE_STANDARD = "gnu++0x";
				CLANG_CXX_LIBRARY = "libc++";
				CLANG_ENABLE_MODULES = YES;
				CLANG_ENABLE_OBJC_ARC = YES;
				CLANG_WARN_BOOL_CONVERSION = YES;
				CLANG_WARN_CONSTANT_CONVERSION = YES;
				CLANG_WARN_DIRECT_OBJC_ISA_USAGE = YES_ERROR;
				CLANG_WARN_EMPTY_BODY = YES;
				CLANG_WARN_ENUM_CONVERSION = YES;
				CLANG_WARN_INT_CONVERSION = YES;
				CLANG_WARN_OBJC_ROOT_CLASS = YES_ERROR;
				CLANG_WARN_UNREACHABLE_CODE = YES;
				CLANG_WARN__DUPLICATE_METHOD_MATCH = YES;
				CODE_SIGN_IDENTITY = "-";
				COPY_PHASE_STRIP = NO;
				DEBUG_INFORMATION_FORMAT = "dwarf-with-dsym";
				ENABLE_NS_ASSERTIONS = NO;
				ENABLE_STRICT_OBJC_MSGSEND = YES;
				GCC_C_LANGUAGE_STANDARD = gnu99;
				GCC_NO_COMMON_BLOCKS = YES;
				GCC_WARN_64_TO_32_BIT_CONVERSION = YES;
				GCC_WARN_ABOUT_RETURN_TYPE = YES_ERROR;
				GCC_WARN_UNDECLARED_SELECTOR = YES;
				GCC_WARN_UNINITIALIZED_AUTOS = YES_AGGRESSIVE;
				GCC_WARN_UNUSED_FUNCTION = YES;
				GCC_WARN_UNUSED_VARIABLE = YES;
				MACOSX_DEPLOYMENT_TARGET = 10.10;
				MTL_ENABLE_DEBUG_INFO = NO;
				SDKROOT = macosx;
			};
			name = Release;
		};
		2B5802BC1C94DF3E008CED0D /* Debug */ = {
			isa = XCBuildConfiguration;
			baseConfigurationReference = 307FE2AC246759A8587004D5 /* Pods-PivotalTracker-PT_ReleaseNotes.debug.xcconfig */;
			buildSettings = {
				ASSETCATALOG_COMPILER_APPICON_NAME = AppIcon;
				COMBINE_HIDPI_IMAGES = YES;
				GCC_PRECOMPILE_PREFIX_HEADER = YES;
				GCC_PREFIX_HEADER = PrefixHeader.pch;
				INFOPLIST_FILE = PT_ReleaseNotes/Info.plist;
				LD_RUNPATH_SEARCH_PATHS = "$(inherited) @executable_path/../Frameworks";
				OTHER_LDFLAGS = (
					"$(inherited)",
					"-ObjC",
					"-l\"AFNetworkActivityLogger\"",
					"-l\"AFNetworking\"",
					"-l\"CocoaLumberjack\"",
					"-l\"DMTime\"",
					"-l\"MGWatchdog\"",
					"-l\"NSColor-Crayola\"",
					"-l\"NSColor-Pantone\"",
					"-l\"NSLogger\"",
					"-l\"SSKeychain\"",
					"-l\"XCDLumberjackNSLogger\"",
					"-framework",
					"\"CFNetwork\"",
					"-framework",
					"\"CoreServices\"",
					"-framework",
					"\"DevMateKit\"",
					"-framework",
					"\"Foundation\"",
					"-framework",
					"\"Security\"",
					"-framework",
					"\"SystemConfiguration\"",
					"-ObjC",
					"\"$(PROJECT_DIR)/Kevlar/libkevlar.a\"",
					"-lcrypto",
					"-lc++",
					"-framework",
					Security,
				);
				PRODUCT_BUNDLE_IDENTIFIER = "com.scidsolutions.PT-ReleaseNotes";
				PRODUCT_NAME = "$(TARGET_NAME)";
			};
			name = Debug;
		};
		2B5802BD1C94DF3E008CED0D /* Release */ = {
			isa = XCBuildConfiguration;
			baseConfigurationReference = 92C843ADDE260269481D3AC8 /* Pods-PivotalTracker-PT_ReleaseNotes.release.xcconfig */;
			buildSettings = {
				ASSETCATALOG_COMPILER_APPICON_NAME = AppIcon;
				COMBINE_HIDPI_IMAGES = YES;
				GCC_PRECOMPILE_PREFIX_HEADER = YES;
				GCC_PREFIX_HEADER = PrefixHeader.pch;
				INFOPLIST_FILE = PT_ReleaseNotes/Info.plist;
				LD_RUNPATH_SEARCH_PATHS = "$(inherited) @executable_path/../Frameworks";
				OTHER_LDFLAGS = (
					"$(inherited)",
					"-ObjC",
					"-l\"AFNetworkActivityLogger\"",
					"-l\"AFNetworking\"",
					"-l\"CocoaLumberjack\"",
					"-l\"DMTime\"",
					"-l\"MGWatchdog\"",
					"-l\"NSColor-Crayola\"",
					"-l\"NSColor-Pantone\"",
					"-l\"NSLogger\"",
					"-l\"SSKeychain\"",
					"-l\"XCDLumberjackNSLogger\"",
					"-framework",
					"\"CFNetwork\"",
					"-framework",
					"\"CoreServices\"",
					"-framework",
					"\"DevMateKit\"",
					"-framework",
					"\"Foundation\"",
					"-framework",
					"\"Security\"",
					"-framework",
					"\"SystemConfiguration\"",
					"-ObjC",
					"\"$(PROJECT_DIR)/Kevlar/libkevlar.a\"",
					"-lcrypto",
					"-lc++",
					"-framework",
					Security,
				);
				PRODUCT_BUNDLE_IDENTIFIER = "com.scidsolutions.PT-ReleaseNotes";
				PRODUCT_NAME = "$(TARGET_NAME)";
			};
			name = Release;
		};
		2B5802BF1C94DF3E008CED0D /* Debug */ = {
			isa = XCBuildConfiguration;
			baseConfigurationReference = A2BB6A79BA5DEFC48C32921C /* Pods-PivotalTracker-PT_ReleaseNotesTests.debug.xcconfig */;
			buildSettings = {
				BUNDLE_LOADER = "$(TEST_HOST)";
				COMBINE_HIDPI_IMAGES = YES;
				GCC_PRECOMPILE_PREFIX_HEADER = YES;
				GCC_PREFIX_HEADER = PrefixHeader.pch;
				INFOPLIST_FILE = PT_ReleaseNotesTests/Info.plist;
				LD_RUNPATH_SEARCH_PATHS = "$(inherited) @executable_path/../Frameworks @loader_path/../Frameworks";
				PRODUCT_BUNDLE_IDENTIFIER = "com.scidsolutions.PT-ReleaseNotesTests";
				PRODUCT_NAME = "$(TARGET_NAME)";
				TEST_HOST = "$(BUILT_PRODUCTS_DIR)/PT_ReleaseNotes.app/Contents/MacOS/PT_ReleaseNotes";
			};
			name = Debug;
		};
		2B5802C01C94DF3E008CED0D /* Release */ = {
			isa = XCBuildConfiguration;
			baseConfigurationReference = 020392F9F77C3DADAED7A9CA /* Pods-PivotalTracker-PT_ReleaseNotesTests.release.xcconfig */;
			buildSettings = {
				BUNDLE_LOADER = "$(TEST_HOST)";
				COMBINE_HIDPI_IMAGES = YES;
				GCC_PRECOMPILE_PREFIX_HEADER = YES;
				GCC_PREFIX_HEADER = PrefixHeader.pch;
				INFOPLIST_FILE = PT_ReleaseNotesTests/Info.plist;
				LD_RUNPATH_SEARCH_PATHS = "$(inherited) @executable_path/../Frameworks @loader_path/../Frameworks";
				PRODUCT_BUNDLE_IDENTIFIER = "com.scidsolutions.PT-ReleaseNotesTests";
				PRODUCT_NAME = "$(TARGET_NAME)";
				TEST_HOST = "$(BUILT_PRODUCTS_DIR)/PT_ReleaseNotes.app/Contents/MacOS/PT_ReleaseNotes";
			};
			name = Release;
		};
/* End XCBuildConfiguration section */

/* Begin XCConfigurationList section */
		2B5060E01CDAD72D00C8A2BB /* Build configuration list for PBXNativeTarget "PivotTrackerXPC" */ = {
			isa = XCConfigurationList;
			buildConfigurations = (
				2B5060DE1CDAD72D00C8A2BB /* Debug */,
				2B5060DF1CDAD72D00C8A2BB /* Release */,
			);
			defaultConfigurationIsVisible = 0;
			defaultConfigurationName = Release;
		};
		2B5802971C94DF3D008CED0D /* Build configuration list for PBXProject "PT_ReleaseNotes" */ = {
			isa = XCConfigurationList;
			buildConfigurations = (
				2B5802B91C94DF3E008CED0D /* Debug */,
				2B5802BA1C94DF3E008CED0D /* Release */,
			);
			defaultConfigurationIsVisible = 0;
			defaultConfigurationName = Release;
		};
		2B5802BB1C94DF3E008CED0D /* Build configuration list for PBXNativeTarget "PT_ReleaseNotes" */ = {
			isa = XCConfigurationList;
			buildConfigurations = (
				2B5802BC1C94DF3E008CED0D /* Debug */,
				2B5802BD1C94DF3E008CED0D /* Release */,
			);
			defaultConfigurationIsVisible = 0;
			defaultConfigurationName = Release;
		};
		2B5802BE1C94DF3E008CED0D /* Build configuration list for PBXNativeTarget "PT_ReleaseNotesTests" */ = {
			isa = XCConfigurationList;
			buildConfigurations = (
				2B5802BF1C94DF3E008CED0D /* Debug */,
				2B5802C01C94DF3E008CED0D /* Release */,
			);
			defaultConfigurationIsVisible = 0;
			defaultConfigurationName = Release;
		};
/* End XCConfigurationList section */
	};
	rootObject = 2B5802941C94DF3D008CED0D /* Project object */;
}
